// !$*UTF8*$!
{
	archiveVersion = 1;
	classes = {
	};
	objectVersion = 50;
	objects = {

/* Begin PBXBuildFile section */
		2725829424BF64AD0034A72C /* AppDelegate.swift in Sources */ = {isa = PBXBuildFile; fileRef = 2725829324BF64AD0034A72C /* AppDelegate.swift */; };
		2725829624BF64AD0034A72C /* SceneDelegate.swift in Sources */ = {isa = PBXBuildFile; fileRef = 2725829524BF64AD0034A72C /* SceneDelegate.swift */; };
		2725829824BF64AD0034A72C /* ContentView.swift in Sources */ = {isa = PBXBuildFile; fileRef = 2725829724BF64AD0034A72C /* ContentView.swift */; };
		2725829A24BF64B00034A72C /* Assets.xcassets in Resources */ = {isa = PBXBuildFile; fileRef = 2725829924BF64B00034A72C /* Assets.xcassets */; };
		2725829D24BF64B00034A72C /* Preview Assets.xcassets in Resources */ = {isa = PBXBuildFile; fileRef = 2725829C24BF64B00034A72C /* Preview Assets.xcassets */; };
		272582A024BF64B00034A72C /* LaunchScreen.storyboard in Resources */ = {isa = PBXBuildFile; fileRef = 2725829E24BF64B00034A72C /* LaunchScreen.storyboard */; };
/* End PBXBuildFile section */

/* Begin PBXFileReference section */
		2725829024BF64AD0034A72C /* legolas.app */ = {isa = PBXFileReference; explicitFileType = wrapper.application; includeInIndex = 0; path = legolas.app; sourceTree = BUILT_PRODUCTS_DIR; };
		2725829324BF64AD0034A72C /* AppDelegate.swift */ = {isa = PBXFileReference; lastKnownFileType = sourcecode.swift; path = AppDelegate.swift; sourceTree = "<group>"; };
		2725829524BF64AD0034A72C /* SceneDelegate.swift */ = {isa = PBXFileReference; lastKnownFileType = sourcecode.swift; path = SceneDelegate.swift; sourceTree = "<group>"; };
		2725829724BF64AD0034A72C /* ContentView.swift */ = {isa = PBXFileReference; lastKnownFileType = sourcecode.swift; path = ContentView.swift; sourceTree = "<group>"; };
		2725829924BF64B00034A72C /* Assets.xcassets */ = {isa = PBXFileReference; lastKnownFileType = folder.assetcatalog; path = Assets.xcassets; sourceTree = "<group>"; };
		2725829C24BF64B00034A72C /* Preview Assets.xcassets */ = {isa = PBXFileReference; lastKnownFileType = folder.assetcatalog; path = "Preview Assets.xcassets"; sourceTree = "<group>"; };
		2725829F24BF64B00034A72C /* Base */ = {isa = PBXFileReference; lastKnownFileType = file.storyboard; name = Base; path = Base.lproj/LaunchScreen.storyboard; sourceTree = "<group>"; };
		272582A124BF64B00034A72C /* Info.plist */ = {isa = PBXFileReference; lastKnownFileType = text.plist.xml; path = Info.plist; sourceTree = "<group>"; };
/* End PBXFileReference section */

/* Begin PBXFrameworksBuildPhase section */
		2725828D24BF64AD0034A72C /* Frameworks */ = {
			isa = PBXFrameworksBuildPhase;
			buildActionMask = 2147483647;
			files = (
			);
			runOnlyForDeploymentPostprocessing = 0;
		};
/* End PBXFrameworksBuildPhase section */

/* Begin PBXGroup section */
		2725828724BF64AC0034A72C = {
			isa = PBXGroup;
			children = (
				2725829224BF64AD0034A72C /* legolas */,
				2725829124BF64AD0034A72C /* Products */,
			);
			sourceTree = "<group>";
		};
		2725829124BF64AD0034A72C /* Products */ = {
			isa = PBXGroup;
			children = (
				2725829024BF64AD0034A72C /* legolas.app */,
			);
			name = Products;
			sourceTree = "<group>";
		};
		2725829224BF64AD0034A72C /* legolas */ = {
			isa = PBXGroup;
			children = (
				2725829324BF64AD0034A72C /* AppDelegate.swift */,
				2725829524BF64AD0034A72C /* SceneDelegate.swift */,
				2725829724BF64AD0034A72C /* ContentView.swift */,
				2725829924BF64B00034A72C /* Assets.xcassets */,
				2725829E24BF64B00034A72C /* LaunchScreen.storyboard */,
				272582A124BF64B00034A72C /* Info.plist */,
				2725829B24BF64B00034A72C /* Preview Content */,
			);
			path = legolas;
			sourceTree = "<group>";
		};
		2725829B24BF64B00034A72C /* Preview Content */ = {
			isa = PBXGroup;
			children = (
				2725829C24BF64B00034A72C /* Preview Assets.xcassets */,
			);
			path = "Preview Content";
			sourceTree = "<group>";
		};
/* End PBXGroup section */

/* Begin PBXNativeTarget section */
		2725828F24BF64AD0034A72C /* legolas */ = {
			isa = PBXNativeTarget;
			buildConfigurationList = 272582A424BF64B00034A72C /* Build configuration list for PBXNativeTarget "legolas" */;
			buildPhases = (
				2725828C24BF64AD0034A72C /* Sources */,
				2725828D24BF64AD0034A72C /* Frameworks */,
				2725828E24BF64AD0034A72C /* Resources */,
			);
			buildRules = (
			);
			dependencies = (
			);
			name = legolas;
			productName = legolas;
			productReference = 2725829024BF64AD0034A72C /* legolas.app */;
			productType = "com.apple.product-type.application";
		};
/* End PBXNativeTarget section */

/* Begin PBXProject section */
		2725828824BF64AD0034A72C /* Project object */ = {
			isa = PBXProject;
			attributes = {
				LastSwiftUpdateCheck = 1150;
				LastUpgradeCheck = 1150;
				ORGANIZATIONNAME = omeraksu;
				TargetAttributes = {
					2725828F24BF64AD0034A72C = {
						CreatedOnToolsVersion = 11.5;
					};
				};
			};
			buildConfigurationList = 2725828B24BF64AD0034A72C /* Build configuration list for PBXProject "legolas" */;
			compatibilityVersion = "Xcode 9.3";
			developmentRegion = en;
			hasScannedForEncodings = 0;
			knownRegions = (
				en,
				Base,
			);
			mainGroup = 2725828724BF64AC0034A72C;
			productRefGroup = 2725829124BF64AD0034A72C /* Products */;
			projectDirPath = "";
			projectRoot = "";
			targets = (
				2725828F24BF64AD0034A72C /* legolas */,
			);
		};
/* End PBXProject section */

/* Begin PBXResourcesBuildPhase section */
		2725828E24BF64AD0034A72C /* Resources */ = {
			isa = PBXResourcesBuildPhase;
			buildActionMask = 2147483647;
			files = (
				272582A024BF64B00034A72C /* LaunchScreen.storyboard in Resources */,
				2725829D24BF64B00034A72C /* Preview Assets.xcassets in Resources */,
				2725829A24BF64B00034A72C /* Assets.xcassets in Resources */,
			);
			runOnlyForDeploymentPostprocessing = 0;
		};
/* End PBXResourcesBuildPhase section */

/* Begin PBXSourcesBuildPhase section */
		2725828C24BF64AD0034A72C /* Sources */ = {
			isa = PBXSourcesBuildPhase;
			buildActionMask = 2147483647;
			files = (
				2725829424BF64AD0034A72C /* AppDelegate.swift in Sources */,
				2725829624BF64AD0034A72C /* SceneDelegate.swift in Sources */,
				2725829824BF64AD0034A72C /* ContentView.swift in Sources */,
			);
			runOnlyForDeploymentPostprocessing = 0;
		};
/* End PBXSourcesBuildPhase section */

/* Begin PBXVariantGroup section */
		2725829E24BF64B00034A72C /* LaunchScreen.storyboard */ = {
			isa = PBXVariantGroup;
			children = (
				2725829F24BF64B00034A72C /* Base */,
			);
			name = LaunchScreen.storyboard;
			sourceTree = "<group>";
		};
/* End PBXVariantGroup section */

/* Begin XCBuildConfiguration section */
		272582A224BF64B00034A72C /* Debug */ = {
			isa = XCBuildConfiguration;
			buildSettings = {
				ALWAYS_SEARCH_USER_PATHS = NO;
				CLANG_ANALYZER_NONNULL = YES;
				CLANG_ANALYZER_NUMBER_OBJECT_CONVERSION = YES_AGGRESSIVE;
				CLANG_CXX_LANGUAGE_STANDARD = "gnu++14";
				CLANG_CXX_LIBRARY = "libc++";
				CLANG_ENABLE_MODULES = YES;
				CLANG_ENABLE_OBJC_ARC = YES;
				CLANG_ENABLE_OBJC_WEAK = YES;
				CLANG_WARN_BLOCK_CAPTURE_AUTORELEASING = YES;
				CLANG_WARN_BOOL_CONVERSION = YES;
				CLANG_WARN_COMMA = YES;
				CLANG_WARN_CONSTANT_CONVERSION = YES;
				CLANG_WARN_DEPRECATED_OBJC_IMPLEMENTATIONS = YES;
				CLANG_WARN_DIRECT_OBJC_ISA_USAGE = YES_ERROR;
				CLANG_WARN_DOCUMENTATION_COMMENTS = YES;
				CLANG_WARN_EMPTY_BODY = YES;
				CLANG_WARN_ENUM_CONVERSION = YES;
				CLANG_WARN_INFINITE_RECURSION = YES;
				CLANG_WARN_INT_CONVERSION = YES;
				CLANG_WARN_NON_LITERAL_NULL_CONVERSION = YES;
				CLANG_WARN_OBJC_IMPLICIT_RETAIN_SELF = YES;
				CLANG_WARN_OBJC_LITERAL_CONVERSION = YES;
				CLANG_WARN_OBJC_ROOT_CLASS = YES_ERROR;
				CLANG_WARN_RANGE_LOOP_ANALYSIS = YES;
				CLANG_WARN_STRICT_PROTOTYPES = YES;
				CLANG_WARN_SUSPICIOUS_MOVE = YES;
				CLANG_WARN_UNGUARDED_AVAILABILITY = YES_AGGRESSIVE;
				CLANG_WARN_UNREACHABLE_CODE = YES;
				CLANG_WARN__DUPLICATE_METHOD_MATCH = YES;
				COPY_PHASE_STRIP = NO;
				DEBUG_INFORMATION_FORMAT = dwarf;
				ENABLE_STRICT_OBJC_MSGSEND = YES;
				ENABLE_TESTABILITY = YES;
				GCC_C_LANGUAGE_STANDARD = gnu11;
				GCC_DYNAMIC_NO_PIC = NO;
				GCC_NO_COMMON_BLOCKS = YES;
				GCC_OPTIMIZATION_LEVEL = 0;
				GCC_PREPROCESSOR_DEFINITIONS = (
					"DEBUG=1",
					"$(inherited)",
				);
				GCC_WARN_64_TO_32_BIT_CONVERSION = YES;
				GCC_WARN_ABOUT_RETURN_TYPE = YES_ERROR;
				GCC_WARN_UNDECLARED_SELECTOR = YES;
				GCC_WARN_UNINITIALIZED_AUTOS = YES_AGGRESSIVE;
				GCC_WARN_UNUSED_FUNCTION = YES;
				GCC_WARN_UNUSED_VARIABLE = YES;
				IPHONEOS_DEPLOYMENT_TARGET = 13.5;
				MTL_ENABLE_DEBUG_INFO = INCLUDE_SOURCE;
				MTL_FAST_MATH = YES;
				ONLY_ACTIVE_ARCH = YES;
				SDKROOT = iphoneos;
				SWIFT_ACTIVE_COMPILATION_CONDITIONS = DEBUG;
				SWIFT_OPTIMIZATION_LEVEL = "-Onone";
			};
			name = Debug;
		};
		272582A324BF64B00034A72C /* Release */ = {
			isa = XCBuildConfiguration;
			buildSettings = {
				ALWAYS_SEARCH_USER_PATHS = NO;
				CLANG_ANALYZER_NONNULL = YES;
				CLANG_ANALYZER_NUMBER_OBJECT_CONVERSION = YES_AGGRESSIVE;
				CLANG_CXX_LANGUAGE_STANDARD = "gnu++14";
				CLANG_CXX_LIBRARY = "libc++";
				CLANG_ENABLE_MODULES = YES;
				CLANG_ENABLE_OBJC_ARC = YES;
				CLANG_ENABLE_OBJC_WEAK = YES;
				CLANG_WARN_BLOCK_CAPTURE_AUTORELEASING = YES;
				CLANG_WARN_BOOL_CONVERSION = YES;
				CLANG_WARN_COMMA = YES;
				CLANG_WARN_CONSTANT_CONVERSION = YES;
				CLANG_WARN_DEPRECATED_OBJC_IMPLEMENTATIONS = YES;
				CLANG_WARN_DIRECT_OBJC_ISA_USAGE = YES_ERROR;
				CLANG_WARN_DOCUMENTATION_COMMENTS = YES;
				CLANG_WARN_EMPTY_BODY = YES;
				CLANG_WARN_ENUM_CONVERSION = YES;
				CLANG_WARN_INFINITE_RECURSION = YES;
				CLANG_WARN_INT_CONVERSION = YES;
				CLANG_WARN_NON_LITERAL_NULL_CONVERSION = YES;
				CLANG_WARN_OBJC_IMPLICIT_RETAIN_SELF = YES;
				CLANG_WARN_OBJC_LITERAL_CONVERSION = YES;
				CLANG_WARN_OBJC_ROOT_CLASS = YES_ERROR;
				CLANG_WARN_RANGE_LOOP_ANALYSIS = YES;
				CLANG_WARN_STRICT_PROTOTYPES = YES;
				CLANG_WARN_SUSPICIOUS_MOVE = YES;
				CLANG_WARN_UNGUARDED_AVAILABILITY = YES_AGGRESSIVE;
				CLANG_WARN_UNREACHABLE_CODE = YES;
				CLANG_WARN__DUPLICATE_METHOD_MATCH = YES;
				COPY_PHASE_STRIP = NO;
				DEBUG_INFORMATION_FORMAT = "dwarf-with-dsym";
				ENABLE_NS_ASSERTIONS = NO;
				ENABLE_STRICT_OBJC_MSGSEND = YES;
				GCC_C_LANGUAGE_STANDARD = gnu11;
				GCC_NO_COMMON_BLOCKS = YES;
				GCC_WARN_64_TO_32_BIT_CONVERSION = YES;
				GCC_WARN_ABOUT_RETURN_TYPE = YES_ERROR;
				GCC_WARN_UNDECLARED_SELECTOR = YES;
				GCC_WARN_UNINITIALIZED_AUTOS = YES_AGGRESSIVE;
				GCC_WARN_UNUSED_FUNCTION = YES;
				GCC_WARN_UNUSED_VARIABLE = YES;
				IPHONEOS_DEPLOYMENT_TARGET = 13.5;
				MTL_ENABLE_DEBUG_INFO = NO;
				MTL_FAST_MATH = YES;
				SDKROOT = iphoneos;
				SWIFT_COMPILATION_MODE = wholemodule;
				SWIFT_OPTIMIZATION_LEVEL = "-O";
				VALIDATE_PRODUCT = YES;
			};
			name = Release;
		};
		272582A524BF64B00034A72C /* Debug */ = {
			isa = XCBuildConfiguration;
			buildSettings = {
				ASSETCATALOG_COMPILER_APPICON_NAME = AppIcon;
				CODE_SIGN_STYLE = Automatic;
				DEVELOPMENT_ASSET_PATHS = "\"legolas/Preview Content\"";
				DEVELOPMENT_TEAM = FR9RC6M55L;
				ENABLE_PREVIEWS = YES;
				INFOPLIST_FILE = legolas/Info.plist;
				LD_RUNPATH_SEARCH_PATHS = (
					"$(inherited)",
					"@executable_path/Frameworks",
				);
				PRODUCT_BUNDLE_IDENTIFIER = oaksu.legolas;
				PRODUCT_NAME = "$(TARGET_NAME)";
				SWIFT_VERSION = 5.0;
				TARGETED_DEVICE_FAMILY = "1,2";
			};
			name = Debug;
		};
		272582A624BF64B00034A72C /* Release */ = {
			isa = XCBuildConfiguration;
			buildSettings = {
				ASSETCATALOG_COMPILER_APPICON_NAME = AppIcon;
				CODE_SIGN_STYLE = Automatic;
				DEVELOPMENT_ASSET_PATHS = "\"legolas/Preview Content\"";
				DEVELOPMENT_TEAM = FR9RC6M55L;
				ENABLE_PREVIEWS = YES;
				INFOPLIST_FILE = legolas/Info.plist;
				LD_RUNPATH_SEARCH_PATHS = (
					"$(inherited)",
					"@executable_path/Frameworks",
				);
				PRODUCT_BUNDLE_IDENTIFIER = oaksu.legolas;
				PRODUCT_NAME = "$(TARGET_NAME)";
				SWIFT_VERSION = 5.0;
				TARGETED_DEVICE_FAMILY = "1,2";
			};
			name = Release;
		};
/* End XCBuildConfiguration section */

/* Begin XCConfigurationList section */
		2725828B24BF64AD0034A72C /* Build configuration list for PBXProject "legolas" */ = {
			isa = XCConfigurationList;
			buildConfigurations = (
				272582A224BF64B00034A72C /* Debug */,
				272582A324BF64B00034A72C /* Release */,
			);
			defaultConfigurationIsVisible = 0;
			defaultConfigurationName = Release;
		};
		272582A424BF64B00034A72C /* Build configuration list for PBXNativeTarget "legolas" */ = {
			isa = XCConfigurationList;
			buildConfigurations = (
				272582A524BF64B00034A72C /* Debug */,
				272582A624BF64B00034A72C /* Release */,
			);
			defaultConfigurationIsVisible = 0;
			defaultConfigurationName = Release;
		};
/* End XCConfigurationList section */
	};
	rootObject = 2725828824BF64AD0034A72C /* Project object */;
}
